
Microsoft Visual Studio Solution File, Format Version 12.00
# Visual Studio Version 17
VisualStudioVersion = 17.11.35431.28
MinimumVisualStudioVersion = 10.0.40219.1
Project("{FAE04EC0-301F-11D3-BF4B-00C04F79EFBC}") = "JobPotal", "JobPotal\JobPotal.csproj", "{AD515F0A-978E-4E2E-9924-2B5C6165B79A}"
EndProject
Global
	GlobalSection(SolutionConfigurationPlatforms) = preSolution
		Debug|Any CPU = Debug|Any CPU
		Release|Any CPU = Release|Any CPU
	EndGlobalSection
	GlobalSection(ProjectConfigurationPlatforms) = postSolution
		{AD515F0A-978E-4E2E-9924-2B5C6165B79A}.Debug|Any CPU.ActiveCfg = Debug|Any CPU
		{AD515F0A-978E-4E2E-9924-2B5C6165B79A}.Debug|Any CPU.Build.0 = Debug|Any CPU
		{AD515F0A-978E-4E2E-9924-2B5C6165B79A}.Release|Any CPU.ActiveCfg = Release|Any CPU
		{AD515F0A-978E-4E2E-9924-2B5C6165B79A}.Release|Any CPU.Build.0 = Release|Any CPU
	EndGlobalSection
	GlobalSection(SolutionProperties) = preSolution
		HideSolutionNode = FALSE
	EndGlobalSection
	GlobalSection(ExtensibilityGlobals) = postSolution
		SolutionGuid = {A0E29BE3-8BBB-4381-9FB4-5A3185694819}
	EndGlobalSection
EndGlobal
